
Microsoft Visual Studio Solution File, Format Version 12.00
# Visual Studio Version 17
VisualStudioVersion = 17.7.34031.279
MinimumVisualStudioVersion = 10.0.40219.1
Project("{FAE04EC0-301F-11D3-BF4B-00C04F79EFBC}") = "Console_OOP", "Console_OOP\Console_OOP.csproj", "{94E97061-A147-432B-940D-318E9F3C2FCE}"
EndProject
Project("{FAE04EC0-301F-11D3-BF4B-00C04F79EFBC}") = "OOP3", "OOP3\OOP3.csproj", "{510F1D4E-978A-468F-BC61-A9DDFB86A5E4}"
EndProject
Project("{FAE04EC0-301F-11D3-BF4B-00C04F79EFBC}") = "StarbucksNeroCustomerDataSave", "StarbucksNeroCustomerDataSve\StarbucksNeroCustomerDataSave.csproj", "{09D27B1F-6B23-4F99-A794-C36E6E8FE843}"
EndProject
Global
	GlobalSection(SolutionConfigurationPlatforms) = preSolution
		Debug|Any CPU = Debug|Any CPU
		Release|Any CPU = Release|Any CPU
	EndGlobalSection
	GlobalSection(ProjectConfigurationPlatforms) = postSolution
		{94E97061-A147-432B-940D-318E9F3C2FCE}.Debug|Any CPU.ActiveCfg = Debug|Any CPU
		{94E97061-A147-432B-940D-318E9F3C2FCE}.Debug|Any CPU.Build.0 = Debug|Any CPU
		{94E97061-A147-432B-940D-318E9F3C2FCE}.Release|Any CPU.ActiveCfg = Release|Any CPU
		{94E97061-A147-432B-940D-318E9F3C2FCE}.Release|Any CPU.Build.0 = Release|Any CPU
		{510F1D4E-978A-468F-BC61-A9DDFB86A5E4}.Debug|Any CPU.ActiveCfg = Debug|Any CPU
		{510F1D4E-978A-468F-BC61-A9DDFB86A5E4}.Debug|Any CPU.Build.0 = Debug|Any CPU
		{510F1D4E-978A-468F-BC61-A9DDFB86A5E4}.Release|Any CPU.ActiveCfg = Release|Any CPU
		{510F1D4E-978A-468F-BC61-A9DDFB86A5E4}.Release|Any CPU.Build.0 = Release|Any CPU
		{09D27B1F-6B23-4F99-A794-C36E6E8FE843}.Debug|Any CPU.ActiveCfg = Debug|Any CPU
		{09D27B1F-6B23-4F99-A794-C36E6E8FE843}.Debug|Any CPU.Build.0 = Debug|Any CPU
		{09D27B1F-6B23-4F99-A794-C36E6E8FE843}.Release|Any CPU.ActiveCfg = Release|Any CPU
		{09D27B1F-6B23-4F99-A794-C36E6E8FE843}.Release|Any CPU.Build.0 = Release|Any CPU
	EndGlobalSection
	GlobalSection(SolutionProperties) = preSolution
		HideSolutionNode = FALSE
	EndGlobalSection
	GlobalSection(ExtensibilityGlobals) = postSolution
		SolutionGuid = {5A40FE26-5B88-489F-AB78-B688D52A7C57}
	EndGlobalSection
EndGlobal
